// !$*UTF8*$!
{
	archiveVersion = 1;
	classes = {
	};
	objectVersion = 50;
	objects = {

/* Begin PBXBuildFile section */
		B079DBBD25CE2ACD00EDBA08 /* AppDelegate.swift in Sources */ = {isa = PBXBuildFile; fileRef = B079DBBC25CE2ACD00EDBA08 /* AppDelegate.swift */; };
		B079DBBF25CE2ACD00EDBA08 /* SceneDelegate.swift in Sources */ = {isa = PBXBuildFile; fileRef = B079DBBE25CE2ACD00EDBA08 /* SceneDelegate.swift */; };
		B079DBC125CE2ACD00EDBA08 /* ViewController.swift in Sources */ = {isa = PBXBuildFile; fileRef = B079DBC025CE2ACD00EDBA08 /* ViewController.swift */; };
		B079DBC425CE2ACD00EDBA08 /* Main.storyboard in Resources */ = {isa = PBXBuildFile; fileRef = B079DBC225CE2ACD00EDBA08 /* Main.storyboard */; };
		B079DBC625CE2ACE00EDBA08 /* Assets.xcassets in Resources */ = {isa = PBXBuildFile; fileRef = B079DBC525CE2ACE00EDBA08 /* Assets.xcassets */; };
		B079DBC925CE2ACE00EDBA08 /* LaunchScreen.storyboard in Resources */ = {isa = PBXBuildFile; fileRef = B079DBC725CE2ACE00EDBA08 /* LaunchScreen.storyboard */; };
		B079DBED25D12CB300EDBA08 /* IMG_5806.JPG in Resources */ = {isa = PBXBuildFile; fileRef = B079DBE525D12CB200EDBA08 /* IMG_5806.JPG */; };
		B079DBEE25D12CB300EDBA08 /* IMG_5807.JPG in Resources */ = {isa = PBXBuildFile; fileRef = B079DBE625D12CB200EDBA08 /* IMG_5807.JPG */; };
		B079DBEF25D12CB300EDBA08 /* IMG_5805.JPG in Resources */ = {isa = PBXBuildFile; fileRef = B079DBE725D12CB200EDBA08 /* IMG_5805.JPG */; };
		B079DBF025D12CB300EDBA08 /* IMG_5800.JPG in Resources */ = {isa = PBXBuildFile; fileRef = B079DBE825D12CB200EDBA08 /* IMG_5800.JPG */; };
		B079DBF125D12CB300EDBA08 /* IMG_5804.JPG in Resources */ = {isa = PBXBuildFile; fileRef = B079DBE925D12CB200EDBA08 /* IMG_5804.JPG */; };
		B079DBF225D12CB300EDBA08 /* IMG_5801.JPG in Resources */ = {isa = PBXBuildFile; fileRef = B079DBEA25D12CB200EDBA08 /* IMG_5801.JPG */; };
		B079DBF325D12CB300EDBA08 /* IMG_5803.JPG in Resources */ = {isa = PBXBuildFile; fileRef = B079DBEB25D12CB200EDBA08 /* IMG_5803.JPG */; };
		B079DBF425D12CB300EDBA08 /* IMG_5802.JPG in Resources */ = {isa = PBXBuildFile; fileRef = B079DBEC25D12CB300EDBA08 /* IMG_5802.JPG */; };
		B079DBF725D137A600EDBA08 /* ResultViewController.swift in Sources */ = {isa = PBXBuildFile; fileRef = B079DBF625D137A600EDBA08 /* ResultViewController.swift */; };
/* End PBXBuildFile section */

/* Begin PBXFileReference section */
		B079DBB925CE2ACD00EDBA08 /* SlideshowApp.app */ = {isa = PBXFileReference; explicitFileType = wrapper.application; includeInIndex = 0; path = SlideshowApp.app; sourceTree = BUILT_PRODUCTS_DIR; };
		B079DBBC25CE2ACD00EDBA08 /* AppDelegate.swift */ = {isa = PBXFileReference; lastKnownFileType = sourcecode.swift; path = AppDelegate.swift; sourceTree = "<group>"; };
		B079DBBE25CE2ACD00EDBA08 /* SceneDelegate.swift */ = {isa = PBXFileReference; lastKnownFileType = sourcecode.swift; path = SceneDelegate.swift; sourceTree = "<group>"; };
		B079DBC025CE2ACD00EDBA08 /* ViewController.swift */ = {isa = PBXFileReference; lastKnownFileType = sourcecode.swift; path = ViewController.swift; sourceTree = "<group>"; };
		B079DBC325CE2ACD00EDBA08 /* Base */ = {isa = PBXFileReference; lastKnownFileType = file.storyboard; name = Base; path = Base.lproj/Main.storyboard; sourceTree = "<group>"; };
		B079DBC525CE2ACE00EDBA08 /* Assets.xcassets */ = {isa = PBXFileReference; lastKnownFileType = folder.assetcatalog; path = Assets.xcassets; sourceTree = "<group>"; };
		B079DBC825CE2ACE00EDBA08 /* Base */ = {isa = PBXFileReference; lastKnownFileType = file.storyboard; name = Base; path = Base.lproj/LaunchScreen.storyboard; sourceTree = "<group>"; };
		B079DBCA25CE2ACE00EDBA08 /* Info.plist */ = {isa = PBXFileReference; lastKnownFileType = text.plist.xml; path = Info.plist; sourceTree = "<group>"; };
		B079DBE525D12CB200EDBA08 /* IMG_5806.JPG */ = {isa = PBXFileReference; lastKnownFileType = image.jpeg; path = IMG_5806.JPG; sourceTree = "<group>"; };
		B079DBE625D12CB200EDBA08 /* IMG_5807.JPG */ = {isa = PBXFileReference; lastKnownFileType = image.jpeg; path = IMG_5807.JPG; sourceTree = "<group>"; };
		B079DBE725D12CB200EDBA08 /* IMG_5805.JPG */ = {isa = PBXFileReference; lastKnownFileType = image.jpeg; path = IMG_5805.JPG; sourceTree = "<group>"; };
		B079DBE825D12CB200EDBA08 /* IMG_5800.JPG */ = {isa = PBXFileReference; lastKnownFileType = image.jpeg; path = IMG_5800.JPG; sourceTree = "<group>"; };
		B079DBE925D12CB200EDBA08 /* IMG_5804.JPG */ = {isa = PBXFileReference; lastKnownFileType = image.jpeg; path = IMG_5804.JPG; sourceTree = "<group>"; };
		B079DBEA25D12CB200EDBA08 /* IMG_5801.JPG */ = {isa = PBXFileReference; lastKnownFileType = image.jpeg; path = IMG_5801.JPG; sourceTree = "<group>"; };
		B079DBEB25D12CB200EDBA08 /* IMG_5803.JPG */ = {isa = PBXFileReference; lastKnownFileType = image.jpeg; path = IMG_5803.JPG; sourceTree = "<group>"; };
		B079DBEC25D12CB300EDBA08 /* IMG_5802.JPG */ = {isa = PBXFileReference; lastKnownFileType = image.jpeg; path = IMG_5802.JPG; sourceTree = "<group>"; };
		B079DBF625D137A600EDBA08 /* ResultViewController.swift */ = {isa = PBXFileReference; lastKnownFileType = sourcecode.swift; path = ResultViewController.swift; sourceTree = "<group>"; };
/* End PBXFileReference section */

/* Begin PBXFrameworksBuildPhase section */
		B079DBB625CE2ACD00EDBA08 /* Frameworks */ = {
			isa = PBXFrameworksBuildPhase;
			buildActionMask = 2147483647;
			files = (
			);
			runOnlyForDeploymentPostprocessing = 0;
		};
/* End PBXFrameworksBuildPhase section */

/* Begin PBXGroup section */
		B079DBB025CE2ACD00EDBA08 = {
			isa = PBXGroup;
			children = (
				B079DBBB25CE2ACD00EDBA08 /* SlideshowApp */,
				B079DBBA25CE2ACD00EDBA08 /* Products */,
			);
			sourceTree = "<group>";
		};
		B079DBBA25CE2ACD00EDBA08 /* Products */ = {
			isa = PBXGroup;
			children = (
				B079DBB925CE2ACD00EDBA08 /* SlideshowApp.app */,
			);
			name = Products;
			sourceTree = "<group>";
		};
		B079DBBB25CE2ACD00EDBA08 /* SlideshowApp */ = {
			isa = PBXGroup;
			children = (
				B079DBBC25CE2ACD00EDBA08 /* AppDelegate.swift */,
				B079DBBE25CE2ACD00EDBA08 /* SceneDelegate.swift */,
				B079DBC025CE2ACD00EDBA08 /* ViewController.swift */,
				B079DBF625D137A600EDBA08 /* ResultViewController.swift */,
				B079DBC225CE2ACD00EDBA08 /* Main.storyboard */,
				B079DBC525CE2ACE00EDBA08 /* Assets.xcassets */,
				B079DBC725CE2ACE00EDBA08 /* LaunchScreen.storyboard */,
				B079DBCA25CE2ACE00EDBA08 /* Info.plist */,
				B079DBE825D12CB200EDBA08 /* IMG_5800.JPG */,
				B079DBEA25D12CB200EDBA08 /* IMG_5801.JPG */,
				B079DBEC25D12CB300EDBA08 /* IMG_5802.JPG */,
				B079DBEB25D12CB200EDBA08 /* IMG_5803.JPG */,
				B079DBE925D12CB200EDBA08 /* IMG_5804.JPG */,
				B079DBE725D12CB200EDBA08 /* IMG_5805.JPG */,
				B079DBE525D12CB200EDBA08 /* IMG_5806.JPG */,
				B079DBE625D12CB200EDBA08 /* IMG_5807.JPG */,
			);
			path = SlideshowApp;
			sourceTree = "<group>";
		};
/* End PBXGroup section */

/* Begin PBXNativeTarget section */
		B079DBB825CE2ACD00EDBA08 /* SlideshowApp */ = {
			isa = PBXNativeTarget;
			buildConfigurationList = B079DBCD25CE2ACE00EDBA08 /* Build configuration list for PBXNativeTarget "SlideshowApp" */;
			buildPhases = (
				B079DBB525CE2ACD00EDBA08 /* Sources */,
				B079DBB625CE2ACD00EDBA08 /* Frameworks */,
				B079DBB725CE2ACD00EDBA08 /* Resources */,
			);
			buildRules = (
			);
			dependencies = (
			);
			name = SlideshowApp;
			productName = SlideshowApp;
			productReference = B079DBB925CE2ACD00EDBA08 /* SlideshowApp.app */;
			productType = "com.apple.product-type.application";
		};
/* End PBXNativeTarget section */

/* Begin PBXProject section */
		B079DBB125CE2ACD00EDBA08 /* Project object */ = {
			isa = PBXProject;
			attributes = {
				LastSwiftUpdateCheck = 1220;
				LastUpgradeCheck = 1220;
				TargetAttributes = {
					B079DBB825CE2ACD00EDBA08 = {
						CreatedOnToolsVersion = 12.2;
					};
				};
			};
			buildConfigurationList = B079DBB425CE2ACD00EDBA08 /* Build configuration list for PBXProject "SlideshowApp" */;
			compatibilityVersion = "Xcode 9.3";
			developmentRegion = en;
			hasScannedForEncodings = 0;
			knownRegions = (
				en,
				Base,
			);
			mainGroup = B079DBB025CE2ACD00EDBA08;
			productRefGroup = B079DBBA25CE2ACD00EDBA08 /* Products */;
			projectDirPath = "";
			projectRoot = "";
			targets = (
				B079DBB825CE2ACD00EDBA08 /* SlideshowApp */,
			);
		};
/* End PBXProject section */

/* Begin PBXResourcesBuildPhase section */
		B079DBB725CE2ACD00EDBA08 /* Resources */ = {
			isa = PBXResourcesBuildPhase;
			buildActionMask = 2147483647;
			files = (
				B079DBF125D12CB300EDBA08 /* IMG_5804.JPG in Resources */,
				B079DBC925CE2ACE00EDBA08 /* LaunchScreen.storyboard in Resources */,
				B079DBF225D12CB300EDBA08 /* IMG_5801.JPG in Resources */,
				B079DBC625CE2ACE00EDBA08 /* Assets.xcassets in Resources */,
				B079DBEE25D12CB300EDBA08 /* IMG_5807.JPG in Resources */,
				B079DBED25D12CB300EDBA08 /* IMG_5806.JPG in Resources */,
				B079DBF425D12CB300EDBA08 /* IMG_5802.JPG in Resources */,
				B079DBC425CE2ACD00EDBA08 /* Main.storyboard in Resources */,
				B079DBF325D12CB300EDBA08 /* IMG_5803.JPG in Resources */,
				B079DBEF25D12CB300EDBA08 /* IMG_5805.JPG in Resources */,
				B079DBF025D12CB300EDBA08 /* IMG_5800.JPG in Resources */,
			);
			runOnlyForDeploymentPostprocessing = 0;
		};
/* End PBXResourcesBuildPhase section */

/* Begin PBXSourcesBuildPhase section */
		B079DBB525CE2ACD00EDBA08 /* Sources */ = {
			isa = PBXSourcesBuildPhase;
			buildActionMask = 2147483647;
			files = (
				B079DBC125CE2ACD00EDBA08 /* ViewController.swift in Sources */,
				B079DBBD25CE2ACD00EDBA08 /* AppDelegate.swift in Sources */,
				B079DBBF25CE2ACD00EDBA08 /* SceneDelegate.swift in Sources */,
				B079DBF725D137A600EDBA08 /* ResultViewController.swift in Sources */,
			);
			runOnlyForDeploymentPostprocessing = 0;
		};
/* End PBXSourcesBuildPhase section */

/* Begin PBXVariantGroup section */
		B079DBC225CE2ACD00EDBA08 /* Main.storyboard */ = {
			isa = PBXVariantGroup;
			children = (
				B079DBC325CE2ACD00EDBA08 /* Base */,
			);
			name = Main.storyboard;
			sourceTree = "<group>";
		};
		B079DBC725CE2ACE00EDBA08 /* LaunchScreen.storyboard */ = {
			isa = PBXVariantGroup;
			children = (
				B079DBC825CE2ACE00EDBA08 /* Base */,
			);
			name = LaunchScreen.storyboard;
			sourceTree = "<group>";
		};
/* End PBXVariantGroup section */

/* Begin XCBuildConfiguration section */
		B079DBCB25CE2ACE00EDBA08 /* Debug */ = {
			isa = XCBuildConfiguration;
			buildSettings = {
				ALWAYS_SEARCH_USER_PATHS = NO;
				CLANG_ANALYZER_NONNULL = YES;
				CLANG_ANALYZER_NUMBER_OBJECT_CONVERSION = YES_AGGRESSIVE;
				CLANG_CXX_LANGUAGE_STANDARD = "gnu++14";
				CLANG_CXX_LIBRARY = "libc++";
				CLANG_ENABLE_MODULES = YES;
				CLANG_ENABLE_OBJC_ARC = YES;
				CLANG_ENABLE_OBJC_WEAK = YES;
				CLANG_WARN_BLOCK_CAPTURE_AUTORELEASING = YES;
				CLANG_WARN_BOOL_CONVERSION = YES;
				CLANG_WARN_COMMA = YES;
				CLANG_WARN_CONSTANT_CONVERSION = YES;
				CLANG_WARN_DEPRECATED_OBJC_IMPLEMENTATIONS = YES;
				CLANG_WARN_DIRECT_OBJC_ISA_USAGE = YES_ERROR;
				CLANG_WARN_DOCUMENTATION_COMMENTS = YES;
				CLANG_WARN_EMPTY_BODY = YES;
				CLANG_WARN_ENUM_CONVERSION = YES;
				CLANG_WARN_INFINITE_RECURSION = YES;
				CLANG_WARN_INT_CONVERSION = YES;
				CLANG_WARN_NON_LITERAL_NULL_CONVERSION = YES;
				CLANG_WARN_OBJC_IMPLICIT_RETAIN_SELF = YES;
				CLANG_WARN_OBJC_LITERAL_CONVERSION = YES;
				CLANG_WARN_OBJC_ROOT_CLASS = YES_ERROR;
				CLANG_WARN_QUOTED_INCLUDE_IN_FRAMEWORK_HEADER = YES;
				CLANG_WARN_RANGE_LOOP_ANALYSIS = YES;
				CLANG_WARN_STRICT_PROTOTYPES = YES;
				CLANG_WARN_SUSPICIOUS_MOVE = YES;
				CLANG_WARN_UNGUARDED_AVAILABILITY = YES_AGGRESSIVE;
				CLANG_WARN_UNREACHABLE_CODE = YES;
				CLANG_WARN__DUPLICATE_METHOD_MATCH = YES;
				COPY_PHASE_STRIP = NO;
				DEBUG_INFORMATION_FORMAT = dwarf;
				ENABLE_STRICT_OBJC_MSGSEND = YES;
				ENABLE_TESTABILITY = YES;
				GCC_C_LANGUAGE_STANDARD = gnu11;
				GCC_DYNAMIC_NO_PIC = NO;
				GCC_NO_COMMON_BLOCKS = YES;
				GCC_OPTIMIZATION_LEVEL = 0;
				GCC_PREPROCESSOR_DEFINITIONS = (
					"DEBUG=1",
					"$(inherited)",
				);
				GCC_WARN_64_TO_32_BIT_CONVERSION = YES;
				GCC_WARN_ABOUT_RETURN_TYPE = YES_ERROR;
				GCC_WARN_UNDECLARED_SELECTOR = YES;
				GCC_WARN_UNINITIALIZED_AUTOS = YES_AGGRESSIVE;
				GCC_WARN_UNUSED_FUNCTION = YES;
				GCC_WARN_UNUSED_VARIABLE = YES;
				IPHONEOS_DEPLOYMENT_TARGET = 14.2;
				MTL_ENABLE_DEBUG_INFO = INCLUDE_SOURCE;
				MTL_FAST_MATH = YES;
				ONLY_ACTIVE_ARCH = YES;
				SDKROOT = iphoneos;
				SWIFT_ACTIVE_COMPILATION_CONDITIONS = DEBUG;
				SWIFT_OPTIMIZATION_LEVEL = "-Onone";
			};
			name = Debug;
		};
		B079DBCC25CE2ACE00EDBA08 /* Release */ = {
			isa = XCBuildConfiguration;
			buildSettings = {
				ALWAYS_SEARCH_USER_PATHS = NO;
				CLANG_ANALYZER_NONNULL = YES;
				CLANG_ANALYZER_NUMBER_OBJECT_CONVERSION = YES_AGGRESSIVE;
				CLANG_CXX_LANGUAGE_STANDARD = "gnu++14";
				CLANG_CXX_LIBRARY = "libc++";
				CLANG_ENABLE_MODULES = YES;
				CLANG_ENABLE_OBJC_ARC = YES;
				CLANG_ENABLE_OBJC_WEAK = YES;
				CLANG_WARN_BLOCK_CAPTURE_AUTORELEASING = YES;
				CLANG_WARN_BOOL_CONVERSION = YES;
				CLANG_WARN_COMMA = YES;
				CLANG_WARN_CONSTANT_CONVERSION = YES;
				CLANG_WARN_DEPRECATED_OBJC_IMPLEMENTATIONS = YES;
				CLANG_WARN_DIRECT_OBJC_ISA_USAGE = YES_ERROR;
				CLANG_WARN_DOCUMENTATION_COMMENTS = YES;
				CLANG_WARN_EMPTY_BODY = YES;
				CLANG_WARN_ENUM_CONVERSION = YES;
				CLANG_WARN_INFINITE_RECURSION = YES;
				CLANG_WARN_INT_CONVERSION = YES;
				CLANG_WARN_NON_LITERAL_NULL_CONVERSION = YES;
				CLANG_WARN_OBJC_IMPLICIT_RETAIN_SELF = YES;
				CLANG_WARN_OBJC_LITERAL_CONVERSION = YES;
				CLANG_WARN_OBJC_ROOT_CLASS = YES_ERROR;
				CLANG_WARN_QUOTED_INCLUDE_IN_FRAMEWORK_HEADER = YES;
				CLANG_WARN_RANGE_LOOP_ANALYSIS = YES;
				CLANG_WARN_STRICT_PROTOTYPES = YES;
				CLANG_WARN_SUSPICIOUS_MOVE = YES;
				CLANG_WARN_UNGUARDED_AVAILABILITY = YES_AGGRESSIVE;
				CLANG_WARN_UNREACHABLE_CODE = YES;
				CLANG_WARN__DUPLICATE_METHOD_MATCH = YES;
				COPY_PHASE_STRIP = NO;
				DEBUG_INFORMATION_FORMAT = "dwarf-with-dsym";
				ENABLE_NS_ASSERTIONS = NO;
				ENABLE_STRICT_OBJC_MSGSEND = YES;
				GCC_C_LANGUAGE_STANDARD = gnu11;
				GCC_NO_COMMON_BLOCKS = YES;
				GCC_WARN_64_TO_32_BIT_CONVERSION = YES;
				GCC_WARN_ABOUT_RETURN_TYPE = YES_ERROR;
				GCC_WARN_UNDECLARED_SELECTOR = YES;
				GCC_WARN_UNINITIALIZED_AUTOS = YES_AGGRESSIVE;
				GCC_WARN_UNUSED_FUNCTION = YES;
				GCC_WARN_UNUSED_VARIABLE = YES;
				IPHONEOS_DEPLOYMENT_TARGET = 14.2;
				MTL_ENABLE_DEBUG_INFO = NO;
				MTL_FAST_MATH = YES;
				SDKROOT = iphoneos;
				SWIFT_COMPILATION_MODE = wholemodule;
				SWIFT_OPTIMIZATION_LEVEL = "-O";
				VALIDATE_PRODUCT = YES;
			};
			name = Release;
		};
		B079DBCE25CE2ACE00EDBA08 /* Debug */ = {
			isa = XCBuildConfiguration;
			buildSettings = {
				ASSETCATALOG_COMPILER_APPICON_NAME = AppIcon;
				ASSETCATALOG_COMPILER_GLOBAL_ACCENT_COLOR_NAME = AccentColor;
				CODE_SIGN_STYLE = Automatic;
				INFOPLIST_FILE = SlideshowApp/Info.plist;
				LD_RUNPATH_SEARCH_PATHS = (
					"$(inherited)",
					"@executable_path/Frameworks",
				);
				PRODUCT_BUNDLE_IDENTIFIER = jp.techacademy.K.U.SlideshowApp;
				PRODUCT_NAME = "$(TARGET_NAME)";
				SWIFT_VERSION = 5.0;
				TARGETED_DEVICE_FAMILY = "1,2";
			};
			name = Debug;
		};
		B079DBCF25CE2ACE00EDBA08 /* Release */ = {
			isa = XCBuildConfiguration;
			buildSettings = {
				ASSETCATALOG_COMPILER_APPICON_NAME = AppIcon;
				ASSETCATALOG_COMPILER_GLOBAL_ACCENT_COLOR_NAME = AccentColor;
				CODE_SIGN_STYLE = Automatic;
				INFOPLIST_FILE = SlideshowApp/Info.plist;
				LD_RUNPATH_SEARCH_PATHS = (
					"$(inherited)",
					"@executable_path/Frameworks",
				);
				PRODUCT_BUNDLE_IDENTIFIER = jp.techacademy.K.U.SlideshowApp;
				PRODUCT_NAME = "$(TARGET_NAME)";
				SWIFT_VERSION = 5.0;
				TARGETED_DEVICE_FAMILY = "1,2";
			};
			name = Release;
		};
/* End XCBuildConfiguration section */

/* Begin XCConfigurationList section */
		B079DBB425CE2ACD00EDBA08 /* Build configuration list for PBXProject "SlideshowApp" */ = {
			isa = XCConfigurationList;
			buildConfigurations = (
				B079DBCB25CE2ACE00EDBA08 /* Debug */,
				B079DBCC25CE2ACE00EDBA08 /* Release */,
			);
			defaultConfigurationIsVisible = 0;
			defaultConfigurationName = Release;
		};
		B079DBCD25CE2ACE00EDBA08 /* Build configuration list for PBXNativeTarget "SlideshowApp" */ = {
			isa = XCConfigurationList;
			buildConfigurations = (
				B079DBCE25CE2ACE00EDBA08 /* Debug */,
				B079DBCF25CE2ACE00EDBA08 /* Release */,
			);
			defaultConfigurationIsVisible = 0;
			defaultConfigurationName = Release;
		};
/* End XCConfigurationList section */
	};
	rootObject = B079DBB125CE2ACD00EDBA08 /* Project object */;
}
